
Microsoft Visual Studio Solution File, Format Version 12.00
# Visual Studio 15
VisualStudioVersion = 15.0.28307.1259
MinimumVisualStudioVersion = 10.0.40219.1
Project("{8BC9CEB8-8B4A-11D0-8D11-00A0C91BC942}") = "12thClass_1", "12thClass_1\12thClass_1.vcxproj", "{F403B4A4-08E1-4D76-93AE-A4B7126CD494}"
EndProject
Global
	GlobalSection(SolutionConfigurationPlatforms) = preSolution
		Debug|x64 = Debug|x64
		Debug|x86 = Debug|x86
		Release|x64 = Release|x64
		Release|x86 = Release|x86
	EndGlobalSection
	GlobalSection(ProjectConfigurationPlatforms) = postSolution
		{F403B4A4-08E1-4D76-93AE-A4B7126CD494}.Debug|x64.ActiveCfg = Debug|x64
		{F403B4A4-08E1-4D76-93AE-A4B7126CD494}.Debug|x64.Build.0 = Debug|x64
		{F403B4A4-08E1-4D76-93AE-A4B7126CD494}.Debug|x86.ActiveCfg = Debug|Win32
		{F403B4A4-08E1-4D76-93AE-A4B7126CD494}.Debug|x86.Build.0 = Debug|Win32
		{F403B4A4-08E1-4D76-93AE-A4B7126CD494}.Release|x64.ActiveCfg = Release|x64
		{F403B4A4-08E1-4D76-93AE-A4B7126CD494}.Release|x64.Build.0 = Release|x64
		{F403B4A4-08E1-4D76-93AE-A4B7126CD494}.Release|x86.ActiveCfg = Release|Win32
		{F403B4A4-08E1-4D76-93AE-A4B7126CD494}.Release|x86.Build.0 = Release|Win32
	EndGlobalSection
	GlobalSection(SolutionProperties) = preSolution
		HideSolutionNode = FALSE
	EndGlobalSection
	GlobalSection(ExtensibilityGlobals) = postSolution
		SolutionGuid = {114E30C4-0605-46B9-B7BF-447F2D593C8A}
	EndGlobalSection
EndGlobal
